
Microsoft Visual Studio Solution File, Format Version 12.00
# Visual Studio 15
VisualStudioVersion = 15.0.27428.2011
MinimumVisualStudioVersion = 10.0.40219.1
Project("{D2ABAB84-BF74-430A-B69E-9DC6D40DDA17}") = "MultidimensionalProject1", "MultidimensionalProject1\MultidimensionalProject1.dwproj", "{38658281-4EC2-4A37-A0BE-2D7F1BC128FC}"
EndProject
Global
	GlobalSection(SolutionConfigurationPlatforms) = preSolution
		Development|Default = Development|Default
	EndGlobalSection
	GlobalSection(ProjectConfigurationPlatforms) = postSolution
		{38658281-4EC2-4A37-A0BE-2D7F1BC128FC}.Development|Default.ActiveCfg = Development
		{38658281-4EC2-4A37-A0BE-2D7F1BC128FC}.Development|Default.Build.0 = Development
		{38658281-4EC2-4A37-A0BE-2D7F1BC128FC}.Development|Default.Deploy.0 = Development
	EndGlobalSection
	GlobalSection(SolutionProperties) = preSolution
		HideSolutionNode = FALSE
	EndGlobalSection
	GlobalSection(ExtensibilityGlobals) = postSolution
		SolutionGuid = {8FEDE8B5-7F2A-45C3-8AD6-8AAE233106C0}
	EndGlobalSection
EndGlobal
