
Microsoft Visual Studio Solution File, Format Version 12.00
# Visual Studio 15
VisualStudioVersion = 15.0.27428.2011
MinimumVisualStudioVersion = 10.0.40219.1
Project("{159641D6-6404-4A2A-AE62-294DE0FE8301}") = "Integration Services Project2", "Integration Services Project2\Integration Services Project2.dtproj", "{F1B88B8B-5AB8-494F-B59B-9CE94D3F3891}"
EndProject
Global
	GlobalSection(SolutionConfigurationPlatforms) = preSolution
		Development|Default = Development|Default
	EndGlobalSection
	GlobalSection(ProjectConfigurationPlatforms) = postSolution
		{F1B88B8B-5AB8-494F-B59B-9CE94D3F3891}.Development|Default.ActiveCfg = Development
		{F1B88B8B-5AB8-494F-B59B-9CE94D3F3891}.Development|Default.Build.0 = Development
	EndGlobalSection
	GlobalSection(SolutionProperties) = preSolution
		HideSolutionNode = FALSE
	EndGlobalSection
	GlobalSection(ExtensibilityGlobals) = postSolution
		SolutionGuid = {8102CA7E-7344-486D-B9BD-A62088E16C43}
	EndGlobalSection
EndGlobal
